{
  "name": "bundlesize-store",
  "version": "1.0.0",
  "lockfileVersion": 1,
  "requires": true,
  "dependencies": {
    "accepts": {
      "version": "1.3.3",
      "resolved": "https://registry.npmjs.org/accepts/-/accepts-1.3.3.tgz",
      "integrity": "sha1-w8p0NJOGSMPg2cHjKN1otiLChMo=",
      "requires": {
        "mime-types": "2.1.15",
        "negotiator": "0.6.1"
      }
    },
    "acorn": {
      "version": "3.3.0",
      "resolved": "https://registry.npmjs.org/acorn/-/acorn-3.3.0.tgz",
      "integrity": "sha1-ReN/s56No/JbruP/U2niu18iAXo="
    },
    "acorn-globals": {
      "version": "3.1.0",
      "resolved": "https://registry.npmjs.org/acorn-globals/-/acorn-globals-3.1.0.tgz",
      "integrity": "sha1-/YJw9x+7SZawBPqIDuXUZXOnMb8=",
      "requires": {
        "acorn": "4.0.13"
      },
      "dependencies": {
        "acorn": {
          "version": "4.0.13",
          "resolved": "https://registry.npmjs.org/acorn/-/acorn-4.0.13.tgz",
          "integrity": "sha1-EFSVrlNh1pe9GVyCUZLhrX8lN4c="
        }
      }
    },
    "align-text": {
      "version": "0.1.4",
      "resolved": "https://registry.npmjs.org/align-text/-/align-text-0.1.4.tgz",
      "integrity": "sha1-DNkKVhCT810KmSVsIrcGlDP60Rc=",
      "requires": {
        "kind-of": "3.2.2",
        "longest": "1.0.1",
        "repeat-string": "1.6.1"
      }
    },
    "amdefine": {
      "version": "1.0.1",
      "resolved": "https://registry.npmjs.org/amdefine/-/amdefine-1.0.1.tgz",
      "integrity": "sha1-SlKCrBZHKek2Gbz9OtFR+BfOkfU="
    },
    "array-flatten": {
      "version": "1.1.1",
      "resolved": "https://registry.npmjs.org/array-flatten/-/array-flatten-1.1.1.tgz",
      "integrity": "sha1-ml9pkFGx5wczKPKgCJaLZOopVdI="
    },
    "asap": {
      "version": "2.0.5",
      "resolved": "https://registry.npmjs.org/asap/-/asap-2.0.5.tgz",
      "integrity": "sha1-UidltQw1EEkOUtfc/ghe+bqWlY8="
    },
    "axios": {
      "version": "0.16.1",
      "resolved": "https://registry.npmjs.org/axios/-/axios-0.16.1.tgz",
      "integrity": "sha1-wLbSZgCEI4S49QnlcRHw0t+CI8o=",
      "requires": {
        "follow-redirects": "1.2.3"
      }
    },
    "body-parser": {
      "version": "1.17.2",
      "resolved": "https://registry.npmjs.org/body-parser/-/body-parser-1.17.2.tgz",
      "integrity": "sha1-+IkqvI+eYn1Crtr7yma/WrmRBO4=",
      "requires": {
        "bytes": "2.4.0",
        "content-type": "1.0.2",
        "debug": "2.6.7",
        "depd": "1.1.0",
        "http-errors": "1.6.1",
        "iconv-lite": "0.4.15",
        "on-finished": "2.3.0",
        "qs": "6.4.0",
        "raw-body": "2.2.0",
        "type-is": "1.6.15"
      },
      "dependencies": {
        "bytes": {
          "version": "2.4.0",
          "resolved": "https://registry.npmjs.org/bytes/-/bytes-2.4.0.tgz",
          "integrity": "sha1-fZcZb51br39pNeJZhVSe3SpsIzk="
        },
        "debug": {
          "version": "2.6.7",
          "resolved": "https://registry.npmjs.org/debug/-/debug-2.6.7.tgz",
          "integrity": "sha1-krrR9tBbu2u6Isyoi80OyJTChh4=",
          "requires": {
            "ms": "2.0.0"
          }
        },
        "ms": {
          "version": "2.0.0",
          "resolved": "https://registry.npmjs.org/ms/-/ms-2.0.0.tgz",
          "integrity": "sha1-VgiurfwAvmwpAd9fmGF4jeDVl8g="
        }
      }
    },
    "bytes": {
      "version": "2.5.0",
      "resolved": "https://registry.npmjs.org/bytes/-/bytes-2.5.0.tgz",
      "integrity": "sha1-TJQj6i0lLCcMQbK97+/5u2tiwGo="
    },
    "camelcase": {
      "version": "1.2.1",
      "resolved": "https://registry.npmjs.org/camelcase/-/camelcase-1.2.1.tgz",
      "integrity": "sha1-m7UwTS4LVmmLLHWLCKPqqdqlijk="
    },
    "center-align": {
      "version": "0.1.3",
      "resolved": "https://registry.npmjs.org/center-align/-/center-align-0.1.3.tgz",
      "integrity": "sha1-qg0yYptu6XIgBBHL1EYckHvCt60=",
      "requires": {
        "align-text": "0.1.4",
        "lazy-cache": "1.0.4"
      }
    },
    "character-parser": {
      "version": "2.2.0",
      "resolved": "https://registry.npmjs.org/character-parser/-/character-parser-2.2.0.tgz",
      "integrity": "sha1-x84o821LzZdE5f/CxfzeHHMmH8A=",
      "requires": {
        "is-regex": "1.0.4"
      }
    },
    "clean-css": {
      "version": "3.4.26",
      "resolved": "https://registry.npmjs.org/clean-css/-/clean-css-3.4.26.tgz",
      "integrity": "sha1-VTI7NE/zvO5oSi6sgck9+Ppz3us=",
      "requires": {
        "commander": "2.8.1",
        "source-map": "0.4.4"
      }
    },
    "cliui": {
      "version": "2.1.0",
      "resolved": "https://registry.npmjs.org/cliui/-/cliui-2.1.0.tgz",
      "integrity": "sha1-S0dXYP+AJkx2LDoXGQMukcf+oNE=",
      "requires": {
        "center-align": "0.1.3",
        "right-align": "0.1.3",
        "wordwrap": "0.0.2"
      }
    },
    "commander": {
      "version": "2.8.1",
      "resolved": "https://registry.npmjs.org/commander/-/commander-2.8.1.tgz",
      "integrity": "sha1-Br42f+v9oMMwqh4qBy09yXYkJdQ=",
      "requires": {
        "graceful-readlink": "1.0.1"
      }
    },
    "constantinople": {
      "version": "3.1.0",
      "resolved": "https://registry.npmjs.org/constantinople/-/constantinople-3.1.0.tgz",
      "integrity": "sha1-dWnKqKo/jVk11i4fqW+fcCzYHHk=",
      "requires": {
        "acorn": "3.3.0",
        "is-expression": "2.1.0"
      }
    },
    "content-disposition": {
      "version": "0.5.2",
      "resolved": "https://registry.npmjs.org/content-disposition/-/content-disposition-0.5.2.tgz",
      "integrity": "sha1-DPaLud318r55YcOoUXjLhdunjLQ="
    },
    "content-type": {
      "version": "1.0.2",
      "resolved": "https://registry.npmjs.org/content-type/-/content-type-1.0.2.tgz",
      "integrity": "sha1-t9ETrueo3Se9IRM8TcJSnfFyHu0="
    },
    "cookie": {
      "version": "0.3.1",
      "resolved": "https://registry.npmjs.org/cookie/-/cookie-0.3.1.tgz",
      "integrity": "sha1-5+Ch+e9DtMi6klxcWpboBtFoc7s="
    },
    "cookie-signature": {
      "version": "1.0.6",
      "resolved": "https://registry.npmjs.org/cookie-signature/-/cookie-signature-1.0.6.tgz",
      "integrity": "sha1-4wOogrNCzD7oylE6eZmXNNqzriw="
    },
    "debug": {
      "version": "2.6.1",
      "resolved": "https://registry.npmjs.org/debug/-/debug-2.6.1.tgz",
      "integrity": "sha1-eYVQkLosTjEVzH2HaUkdWPBJE1E=",
      "requires": {
        "ms": "0.7.2"
      }
    },
    "decamelize": {
      "version": "1.2.0",
      "resolved": "https://registry.npmjs.org/decamelize/-/decamelize-1.2.0.tgz",
      "integrity": "sha1-9lNNFRSCabIDUue+4m9QH5oZEpA="
    },
    "depd": {
      "version": "1.1.0",
      "resolved": "https://registry.npmjs.org/depd/-/depd-1.1.0.tgz",
      "integrity": "sha1-4b2Cxqq2ztlluXuIsX7T5SjKGMM="
    },
    "destroy": {
      "version": "1.0.4",
      "resolved": "https://registry.npmjs.org/destroy/-/destroy-1.0.4.tgz",
      "integrity": "sha1-l4hXRCxEdJ5CBmE+N5RiBYJqvYA="
    },
    "doctypes": {
      "version": "1.1.0",
      "resolved": "https://registry.npmjs.org/doctypes/-/doctypes-1.1.0.tgz",
      "integrity": "sha1-6oCxBqh1OHdOijpKWv4pPeSJ4Kk="
    },
    "dotenv": {
      "version": "4.0.0",
      "resolved": "https://registry.npmjs.org/dotenv/-/dotenv-4.0.0.tgz",
      "integrity": "sha1-hk7xN5rO1Vzm+V3r7NzhefegzR0="
    },
    "ee-first": {
      "version": "1.1.1",
      "resolved": "https://registry.npmjs.org/ee-first/-/ee-first-1.1.1.tgz",
      "integrity": "sha1-WQxhFWsK4vTwJVcyoViyZrxWsh0="
    },
    "encodeurl": {
      "version": "1.0.1",
      "resolved": "https://registry.npmjs.org/encodeurl/-/encodeurl-1.0.1.tgz",
      "integrity": "sha1-eePVhlU0aQn+bw9Fpd5oEDspTSA="
    },
    "escape-html": {
      "version": "1.0.3",
      "resolved": "https://registry.npmjs.org/escape-html/-/escape-html-1.0.3.tgz",
      "integrity": "sha1-Aljq5NPQwJdN4cFpGI7wBR0dGYg="
    },
    "etag": {
      "version": "1.8.0",
      "resolved": "https://registry.npmjs.org/etag/-/etag-1.8.0.tgz",
      "integrity": "sha1-b2Ma7zNtbEY2K1F2QETOIWvjwFE="
    },
    "express": {
      "version": "4.15.2",
      "resolved": "https://registry.npmjs.org/express/-/express-4.15.2.tgz",
      "integrity": "sha1-rxB/wUhQRFfy3Kmm8lcdcSm5ezU=",
      "requires": {
        "accepts": "1.3.3",
        "array-flatten": "1.1.1",
        "content-disposition": "0.5.2",
        "content-type": "1.0.2",
        "cookie": "0.3.1",
        "cookie-signature": "1.0.6",
        "debug": "2.6.1",
        "depd": "1.1.0",
        "encodeurl": "1.0.1",
        "escape-html": "1.0.3",
        "etag": "1.8.0",
        "finalhandler": "1.0.2",
        "fresh": "0.5.0",
        "merge-descriptors": "1.0.1",
        "methods": "1.1.2",
        "on-finished": "2.3.0",
        "parseurl": "1.3.1",
        "path-to-regexp": "0.1.7",
        "proxy-addr": "1.1.4",
        "qs": "6.4.0",
        "range-parser": "1.2.0",
        "send": "0.15.1",
        "serve-static": "1.12.1",
        "setprototypeof": "1.0.3",
        "statuses": "1.3.1",
        "type-is": "1.6.15",
        "utils-merge": "1.0.0",
        "vary": "1.1.1"
      }
    },
    "finalhandler": {
      "version": "1.0.2",
      "resolved": "https://registry.npmjs.org/finalhandler/-/finalhandler-1.0.2.tgz",
      "integrity": "sha1-0ONvnbxVfy3hRCPfYmGInp1gyTo=",
      "requires": {
        "debug": "2.6.4",
        "encodeurl": "1.0.1",
        "escape-html": "1.0.3",
        "on-finished": "2.3.0",
        "parseurl": "1.3.1",
        "statuses": "1.3.1",
        "unpipe": "1.0.0"
      },
      "dependencies": {
        "debug": {
          "version": "2.6.4",
          "resolved": "https://registry.npmjs.org/debug/-/debug-2.6.4.tgz",
          "integrity": "sha1-dYaps8OXQcAoKuM0RcTorHRzT+A=",
          "requires": {
            "ms": "0.7.3"
          }
        },
        "ms": {
          "version": "0.7.3",
          "resolved": "https://registry.npmjs.org/ms/-/ms-0.7.3.tgz",
          "integrity": "sha1-cIFVpeROM/X9D8U+gdDUCpG+H/8="
        }
      }
    },
    "firebase": {
      "version": "4.1.2",
      "resolved": "https://registry.npmjs.org/firebase/-/firebase-4.1.2.tgz",
      "integrity": "sha1-shOrIp62XjG9vR0mIFmxux7frB8=",
      "requires": {
        "dom-storage": "https://registry.npmjs.org/dom-storage/-/dom-storage-2.0.2.tgz",
        "faye-websocket": "https://registry.npmjs.org/faye-websocket/-/faye-websocket-0.9.3.tgz",
        "jsonwebtoken": "https://registry.npmjs.org/jsonwebtoken/-/jsonwebtoken-7.4.1.tgz",
        "promise-polyfill": "https://registry.npmjs.org/promise-polyfill/-/promise-polyfill-6.0.2.tgz",
        "xmlhttprequest": "https://registry.npmjs.org/xmlhttprequest/-/xmlhttprequest-1.8.0.tgz"
      },
      "dependencies": {
        "base64url": {
          "version": "https://registry.npmjs.org/base64url/-/base64url-2.0.0.tgz",
          "integrity": "sha1-6sFuA+oUOO/5Qj1puqNiYu0fcLs="
        },
        "buffer-equal-constant-time": {
          "version": "https://registry.npmjs.org/buffer-equal-constant-time/-/buffer-equal-constant-time-1.0.1.tgz",
          "integrity": "sha1-+OcRMvf/5uAaXJaXpMbz5I1cyBk="
        },
        "dom-storage": {
          "version": "https://registry.npmjs.org/dom-storage/-/dom-storage-2.0.2.tgz",
          "integrity": "sha1-7RfL9oq9EOCu+BgnE+KXxeS1ALA="
        },
        "ecdsa-sig-formatter": {
          "version": "https://registry.npmjs.org/ecdsa-sig-formatter/-/ecdsa-sig-formatter-1.0.9.tgz",
          "integrity": "sha1-S8kmJ07Dtau1AW5+HWCSGsJisqE=",
          "requires": {
            "base64url": "https://registry.npmjs.org/base64url/-/base64url-2.0.0.tgz",
            "safe-buffer": "https://registry.npmjs.org/safe-buffer/-/safe-buffer-5.1.0.tgz"
          }
        },
        "faye-websocket": {
          "version": "https://registry.npmjs.org/faye-websocket/-/faye-websocket-0.9.3.tgz",
          "integrity": "sha1-SCpQWw3wrmJrlphm0710DNuWLoM=",
          "requires": {
            "websocket-driver": "https://registry.npmjs.org/websocket-driver/-/websocket-driver-0.6.5.tgz"
          }
        },
        "hoek": {
          "version": "https://registry.npmjs.org/hoek/-/hoek-2.16.3.tgz",
          "integrity": "sha1-ILt0A9POo5jpHcRxCo/xuCdKJe0="
        },
        "isemail": {
          "version": "https://registry.npmjs.org/isemail/-/isemail-1.2.0.tgz",
          "integrity": "sha1-vgPfjMPineTSxd9lASY/H6RZXpo="
        },
        "joi": {
          "version": "https://registry.npmjs.org/joi/-/joi-6.10.1.tgz",
          "integrity": "sha1-TVDDGAeRIgAP5fFq8f+OGRe3fgY=",
          "requires": {
            "hoek": "https://registry.npmjs.org/hoek/-/hoek-2.16.3.tgz",
            "isemail": "https://registry.npmjs.org/isemail/-/isemail-1.2.0.tgz",
            "moment": "https://registry.npmjs.org/moment/-/moment-2.18.1.tgz",
            "topo": "https://registry.npmjs.org/topo/-/topo-1.1.0.tgz"
          }
        },
        "jsonwebtoken": {
          "version": "https://registry.npmjs.org/jsonwebtoken/-/jsonwebtoken-7.4.1.tgz",
          "integrity": "sha1-fKMk9SFfi+A5zTWmxFu4y3SkSPs=",
          "requires": {
            "joi": "https://registry.npmjs.org/joi/-/joi-6.10.1.tgz",
            "jws": "https://registry.npmjs.org/jws/-/jws-3.1.4.tgz",
            "lodash.once": "https://registry.npmjs.org/lodash.once/-/lodash.once-4.1.1.tgz",
            "ms": "https://registry.npmjs.org/ms/-/ms-2.0.0.tgz",
            "xtend": "https://registry.npmjs.org/xtend/-/xtend-4.0.1.tgz"
          }
        },
        "jwa": {
          "version": "https://registry.npmjs.org/jwa/-/jwa-1.1.5.tgz",
          "integrity": "sha1-oFUs4CIHQs1S4VN3SjKQXDDnVuU=",
          "requires": {
            "base64url": "https://registry.npmjs.org/base64url/-/base64url-2.0.0.tgz",
            "buffer-equal-constant-time": "https://registry.npmjs.org/buffer-equal-constant-time/-/buffer-equal-constant-time-1.0.1.tgz",
            "ecdsa-sig-formatter": "https://registry.npmjs.org/ecdsa-sig-formatter/-/ecdsa-sig-formatter-1.0.9.tgz",
            "safe-buffer": "https://registry.npmjs.org/safe-buffer/-/safe-buffer-5.1.0.tgz"
          }
        },
        "jws": {
          "version": "https://registry.npmjs.org/jws/-/jws-3.1.4.tgz",
          "integrity": "sha1-+ei5M46KhHJ31kRLFGT2GIDgUKI=",
          "requires": {
            "base64url": "https://registry.npmjs.org/base64url/-/base64url-2.0.0.tgz",
            "jwa": "https://registry.npmjs.org/jwa/-/jwa-1.1.5.tgz",
            "safe-buffer": "https://registry.npmjs.org/safe-buffer/-/safe-buffer-5.1.0.tgz"
          }
        },
        "lodash.once": {
          "version": "https://registry.npmjs.org/lodash.once/-/lodash.once-4.1.1.tgz",
          "integrity": "sha1-DdOXEhPHxW34gJd9UEyI+0cal6w="
        },
        "moment": {
          "version": "https://registry.npmjs.org/moment/-/moment-2.18.1.tgz",
          "integrity": "sha1-w2GT3Tzhwu7SrbfIAtu8d6gbHA8="
        },
        "ms": {
          "version": "https://registry.npmjs.org/ms/-/ms-2.0.0.tgz",
          "integrity": "sha1-VgiurfwAvmwpAd9fmGF4jeDVl8g="
        },
        "promise-polyfill": {
          "version": "https://registry.npmjs.org/promise-polyfill/-/promise-polyfill-6.0.2.tgz",
          "integrity": "sha1-2chtPcTcLfkBboiUbe/Wm0m0EWI="
        },
        "safe-buffer": {
          "version": "https://registry.npmjs.org/safe-buffer/-/safe-buffer-5.1.0.tgz",
          "integrity": "sha1-/kyEYDl/nqqqWOc75GJzQIpF4iM="
        },
        "topo": {
          "version": "https://registry.npmjs.org/topo/-/topo-1.1.0.tgz",
          "integrity": "sha1-6ddRYV0buH3IZdsYL6HKCl71NtU=",
          "requires": {
            "hoek": "https://registry.npmjs.org/hoek/-/hoek-2.16.3.tgz"
          }
        },
        "websocket-driver": {
          "version": "https://registry.npmjs.org/websocket-driver/-/websocket-driver-0.6.5.tgz",
          "integrity": "sha1-XLJVbOuF9Dc8bYI4qmkchFThOjY=",
          "requires": {
            "websocket-extensions": "https://registry.npmjs.org/websocket-extensions/-/websocket-extensions-0.1.1.tgz"
          }
        },
        "websocket-extensions": {
          "version": "https://registry.npmjs.org/websocket-extensions/-/websocket-extensions-0.1.1.tgz",
          "integrity": "sha1-domUmcGEtu91Q3fC27DNbLVdKec="
        },
        "xmlhttprequest": {
          "version": "https://registry.npmjs.org/xmlhttprequest/-/xmlhttprequest-1.8.0.tgz",
          "integrity": "sha1-Z/4HXFwk/vOfnWX197f+dRcZaPw="
        },
        "xtend": {
          "version": "https://registry.npmjs.org/xtend/-/xtend-4.0.1.tgz",
          "integrity": "sha1-pcbVMr5lbiPbgg77lDofBJmNY68="
        }
      }
    },
    "follow-redirects": {
      "version": "1.2.3",
      "resolved": "https://registry.npmjs.org/follow-redirects/-/follow-redirects-1.2.3.tgz",
      "integrity": "sha1-AauuyoXjYJg32fzaMWen5C/ayiE=",
      "requires": {
        "debug": "2.6.1"
      }
    },
    "forwarded": {
      "version": "0.1.0",
      "resolved": "https://registry.npmjs.org/forwarded/-/forwarded-0.1.0.tgz",
      "integrity": "sha1-Ge+YdMSuHCl7zweP3mOgm2aoQ2M="
    },
    "fresh": {
      "version": "0.5.0",
      "resolved": "https://registry.npmjs.org/fresh/-/fresh-0.5.0.tgz",
      "integrity": "sha1-9HTKXmqSRtb9jglTz6m5yAWvp44="
    },
    "function-bind": {
      "version": "1.1.0",
      "resolved": "https://registry.npmjs.org/function-bind/-/function-bind-1.1.0.tgz",
      "integrity": "sha1-FhdnFMgBeY5Ojyz391KUZ7tKV3E="
    },
    "graceful-readlink": {
      "version": "1.0.1",
      "resolved": "https://registry.npmjs.org/graceful-readlink/-/graceful-readlink-1.0.1.tgz",
      "integrity": "sha1-TK+tdrxi8C+gObL5Tpo906ORpyU="
    },
    "has": {
      "version": "1.0.1",
      "resolved": "https://registry.npmjs.org/has/-/has-1.0.1.tgz",
      "integrity": "sha1-hGFzP1OLCDfJNh45qauelwTcLyg=",
      "requires": {
        "function-bind": "1.1.0"
      }
    },
    "http-errors": {
      "version": "1.6.1",
      "resolved": "https://registry.npmjs.org/http-errors/-/http-errors-1.6.1.tgz",
      "integrity": "sha1-X4uO2YrKVFZWv1cplzh/kEpyIlc=",
      "requires": {
        "depd": "1.1.0",
        "inherits": "2.0.3",
        "setprototypeof": "1.0.3",
        "statuses": "1.3.1"
      }
    },
    "iconv-lite": {
      "version": "0.4.15",
      "resolved": "https://registry.npmjs.org/iconv-lite/-/iconv-lite-0.4.15.tgz",
      "integrity": "sha1-/iZaIYrGpXz+hUkn6dBMGYJe3es="
    },
    "inherits": {
      "version": "2.0.3",
      "resolved": "https://registry.npmjs.org/inherits/-/inherits-2.0.3.tgz",
      "integrity": "sha1-Yzwsg+PaQqUC9SRmAiSA9CCCYd4="
    },
    "ipaddr.js": {
      "version": "1.3.0",
      "resolved": "https://registry.npmjs.org/ipaddr.js/-/ipaddr.js-1.3.0.tgz",
      "integrity": "sha1-HgOlL9rYOou7KyXL9JmLTP/NPew="
    },
    "is-buffer": {
      "version": "1.1.5",
      "resolved": "https://registry.npmjs.org/is-buffer/-/is-buffer-1.1.5.tgz",
      "integrity": "sha1-Hzsm72E7IUuIy8ojzGwB2Hlh7sw="
    },
    "is-expression": {
      "version": "2.1.0",
      "resolved": "https://registry.npmjs.org/is-expression/-/is-expression-2.1.0.tgz",
      "integrity": "sha1-kb6dR968/vB3l36XIr5tz7RGXvA=",
      "requires": {
        "acorn": "3.3.0",
        "object-assign": "4.1.1"
      }
    },
    "is-promise": {
      "version": "2.1.0",
      "resolved": "https://registry.npmjs.org/is-promise/-/is-promise-2.1.0.tgz",
      "integrity": "sha1-eaKp7OfwlugPNtKy87wWwf9L8/o="
    },
    "is-regex": {
      "version": "1.0.4",
      "resolved": "https://registry.npmjs.org/is-regex/-/is-regex-1.0.4.tgz",
      "integrity": "sha1-VRdIm1RwkbCTDglWVM7SXul+lJE=",
      "requires": {
        "has": "1.0.1"
      }
    },
    "js-stringify": {
      "version": "1.0.2",
      "resolved": "https://registry.npmjs.org/js-stringify/-/js-stringify-1.0.2.tgz",
      "integrity": "sha1-Fzb939lyTyijaCrcYjCufk6Weds="
    },
    "jstransformer": {
      "version": "1.0.0",
      "resolved": "https://registry.npmjs.org/jstransformer/-/jstransformer-1.0.0.tgz",
      "integrity": "sha1-7Yvwkh4vPx7U1cGkT2hwntJHIsM=",
      "requires": {
        "is-promise": "2.1.0",
        "promise": "7.1.1"
      }
    },
    "kind-of": {
      "version": "3.2.2",
      "resolved": "https://registry.npmjs.org/kind-of/-/kind-of-3.2.2.tgz",
      "integrity": "sha1-MeohpzS6ubuw8yRm2JOupR5KPGQ=",
      "requires": {
        "is-buffer": "1.1.5"
      }
    },
    "lazy-cache": {
      "version": "1.0.4",
      "resolved": "https://registry.npmjs.org/lazy-cache/-/lazy-cache-1.0.4.tgz",
      "integrity": "sha1-odePw6UEdMuAhF07O24dpJpEbo4="
    },
    "longest": {
      "version": "1.0.1",
      "resolved": "https://registry.npmjs.org/longest/-/longest-1.0.1.tgz",
      "integrity": "sha1-MKCy2jj3N3DoKUoNIuZiXtd9AJc="
    },
    "media-typer": {
      "version": "0.3.0",
      "resolved": "https://registry.npmjs.org/media-typer/-/media-typer-0.3.0.tgz",
      "integrity": "sha1-hxDXrwqmJvj/+hzgAWhUUmMlV0g="
    },
    "merge-descriptors": {
      "version": "1.0.1",
      "resolved": "https://registry.npmjs.org/merge-descriptors/-/merge-descriptors-1.0.1.tgz",
      "integrity": "sha1-sAqqVW3YtEVoFQ7J0blT8/kMu2E="
    },
    "methods": {
      "version": "1.1.2",
      "resolved": "https://registry.npmjs.org/methods/-/methods-1.1.2.tgz",
      "integrity": "sha1-VSmk1nZUE07cxSZmVoNbD4Ua/O4="
    },
    "mime": {
      "version": "1.3.4",
      "resolved": "https://registry.npmjs.org/mime/-/mime-1.3.4.tgz",
      "integrity": "sha1-EV+eO2s9rylZmDyzjxSaLUDrXVM="
    },
    "mime-db": {
      "version": "1.27.0",
      "resolved": "https://registry.npmjs.org/mime-db/-/mime-db-1.27.0.tgz",
      "integrity": "sha1-gg9XIpa70g7CXtVeW13oaeVDbrE="
    },
    "mime-types": {
      "version": "2.1.15",
      "resolved": "https://registry.npmjs.org/mime-types/-/mime-types-2.1.15.tgz",
      "integrity": "sha1-pOv1BkCUVpI3uM9wBGd20J/JKu0=",
      "requires": {
        "mime-db": "1.27.0"
      }
    },
    "ms": {
      "version": "0.7.2",
      "resolved": "https://registry.npmjs.org/ms/-/ms-0.7.2.tgz",
      "integrity": "sha1-riXPJRKziFodldfwN4aNhDESR2U="
    },
    "negotiator": {
      "version": "0.6.1",
      "resolved": "https://registry.npmjs.org/negotiator/-/negotiator-0.6.1.tgz",
      "integrity": "sha1-KzJxhOiZIQEXeyhWP7XnECrNDKk="
    },
    "newrelic": {
      "version": "1.40.0",
      "resolved": "https://registry.npmjs.org/newrelic/-/newrelic-1.40.0.tgz",
      "integrity": "sha1-JUjfFMRB6/ydO465idE397aaHW8=",
      "requires": {
        "concat-stream": "1.6.0",
        "https-proxy-agent": "0.3.6",
        "json-stringify-safe": "5.0.1",
        "readable-stream": "1.1.14",
        "semver": "5.3.0"
      },
      "dependencies": {
        "concat-stream": {
          "version": "1.6.0",
          "bundled": true,
          "requires": {
            "inherits": "2.0.3",
            "readable-stream": "2.2.11",
            "typedarray": "0.0.6"
          },
          "dependencies": {
            "inherits": {
              "version": "2.0.3",
              "bundled": true
            },
            "readable-stream": {
              "version": "2.2.11",
              "bundled": true,
              "requires": {
                "core-util-is": "1.0.2",
                "inherits": "2.0.3",
                "isarray": "1.0.0",
                "process-nextick-args": "1.0.7",
                "safe-buffer": "5.0.1",
                "string_decoder": "1.0.2",
                "util-deprecate": "1.0.2"
              },
              "dependencies": {
                "core-util-is": {
                  "version": "1.0.2",
                  "bundled": true
                },
                "isarray": {
                  "version": "1.0.0",
                  "bundled": true
                },
                "process-nextick-args": {
                  "version": "1.0.7",
                  "bundled": true
                },
                "safe-buffer": {
                  "version": "5.0.1",
                  "bundled": true
                },
                "string_decoder": {
                  "version": "1.0.2",
                  "bundled": true,
                  "requires": {
                    "safe-buffer": "5.0.1"
                  }
                },
                "util-deprecate": {
                  "version": "1.0.2",
                  "bundled": true
                }
              }
            },
            "typedarray": {
              "version": "0.0.6",
              "bundled": true
            }
          }
        },
        "https-proxy-agent": {
          "version": "0.3.6",
          "bundled": true,
          "requires": {
            "agent-base": "1.0.2",
            "debug": "2.6.8",
            "extend": "3.0.1"
          },
          "dependencies": {
            "agent-base": {
              "version": "1.0.2",
              "bundled": true
            },
            "debug": {
              "version": "2.6.8",
              "bundled": true,
              "requires": {
                "ms": "2.0.0"
              },
              "dependencies": {
                "ms": {
                  "version": "2.0.0",
                  "bundled": true
                }
              }
            },
            "extend": {
              "version": "3.0.1",
              "bundled": true
            }
          }
        },
        "json-stringify-safe": {
          "version": "5.0.1",
          "bundled": true
        },
        "readable-stream": {
          "version": "1.1.14",
          "bundled": true,
          "requires": {
            "core-util-is": "1.0.2",
            "inherits": "2.0.3",
            "isarray": "0.0.1",
            "string_decoder": "0.10.31"
          },
          "dependencies": {
            "core-util-is": {
              "version": "1.0.2",
              "bundled": true
            },
            "inherits": {
              "version": "2.0.3",
              "bundled": true
            },
            "isarray": {
              "version": "0.0.1",
              "bundled": true
            },
            "string_decoder": {
              "version": "0.10.31",
              "bundled": true
            }
          }
        },
        "semver": {
          "version": "5.3.0",
          "bundled": true
        }
      }
    },
    "object-assign": {
      "version": "4.1.1",
      "resolved": "https://registry.npmjs.org/object-assign/-/object-assign-4.1.1.tgz",
      "integrity": "sha1-IQmtx5ZYh8/AXLvUQsrIv7s2CGM="
    },
    "on-finished": {
      "version": "2.3.0",
      "resolved": "https://registry.npmjs.org/on-finished/-/on-finished-2.3.0.tgz",
      "integrity": "sha1-IPEzZIGwg811M3mSoWlxqi2QaUc=",
      "requires": {
        "ee-first": "1.1.1"
      }
    },
    "parseurl": {
      "version": "1.3.1",
      "resolved": "https://registry.npmjs.org/parseurl/-/parseurl-1.3.1.tgz",
      "integrity": "sha1-yKuMkiO6NIiKpkopeyiFO+wY2lY="
    },
    "path-parse": {
      "version": "1.0.5",
      "resolved": "https://registry.npmjs.org/path-parse/-/path-parse-1.0.5.tgz",
      "integrity": "sha1-PBrfhx6pzWyUMbbqK9dKD/BVxME="
    },
    "path-to-regexp": {
      "version": "0.1.7",
      "resolved": "https://registry.npmjs.org/path-to-regexp/-/path-to-regexp-0.1.7.tgz",
      "integrity": "sha1-32BBeABfUi8V60SQ5yR6G/qmf4w="
    },
    "promise": {
      "version": "7.1.1",
      "resolved": "https://registry.npmjs.org/promise/-/promise-7.1.1.tgz",
      "integrity": "sha1-SJZUxpJha4qlWwck+oCbt9tJxb8=",
      "requires": {
        "asap": "2.0.5"
      }
    },
    "proxy-addr": {
      "version": "1.1.4",
      "resolved": "https://registry.npmjs.org/proxy-addr/-/proxy-addr-1.1.4.tgz",
      "integrity": "sha1-J+VF9pYKRKYn2bREZ+NcG2tM4vM=",
      "requires": {
        "forwarded": "0.1.0",
        "ipaddr.js": "1.3.0"
      }
    },
    "pug": {
      "version": "2.0.0-rc.2",
      "resolved": "https://registry.npmjs.org/pug/-/pug-2.0.0-rc.2.tgz",
      "integrity": "sha1-B4RVJ3kKssa+Z9z16x8xgECB8Eo=",
      "requires": {
        "pug-code-gen": "1.1.1",
        "pug-filters": "2.1.3",
        "pug-lexer": "3.1.0",
        "pug-linker": "3.0.1",
        "pug-load": "2.0.7",
        "pug-parser": "3.0.0",
        "pug-runtime": "2.0.3",
        "pug-strip-comments": "1.0.2"
      }
    },
    "pug-attrs": {
      "version": "2.0.2",
      "resolved": "https://registry.npmjs.org/pug-attrs/-/pug-attrs-2.0.2.tgz",
      "integrity": "sha1-i+KyIlVo/6ddG4Zpgr/59BEa/8s=",
      "requires": {
        "constantinople": "3.1.0",
        "js-stringify": "1.0.2",
        "pug-runtime": "2.0.3"
      }
    },
    "pug-code-gen": {
      "version": "1.1.1",
      "resolved": "https://registry.npmjs.org/pug-code-gen/-/pug-code-gen-1.1.1.tgz",
      "integrity": "sha1-HPcnRO8qA56uajNAyqoRBYcSWOg=",
      "requires": {
        "constantinople": "3.1.0",
        "doctypes": "1.1.0",
        "js-stringify": "1.0.2",
        "pug-attrs": "2.0.2",
        "pug-error": "1.3.2",
        "pug-runtime": "2.0.3",
        "void-elements": "2.0.1",
        "with": "5.1.1"
      }
    },
    "pug-error": {
      "version": "1.3.2",
      "resolved": "https://registry.npmjs.org/pug-error/-/pug-error-1.3.2.tgz",
      "integrity": "sha1-U659nSm7A89WRJOgJhCfVMR/XyY="
    },
    "pug-filters": {
      "version": "2.1.3",
      "resolved": "https://registry.npmjs.org/pug-filters/-/pug-filters-2.1.3.tgz",
      "integrity": "sha1-1ZdnoiDeeX3XVUifZoNM+aqDqlQ=",
      "requires": {
        "clean-css": "3.4.26",
        "constantinople": "3.1.0",
        "jstransformer": "1.0.0",
        "pug-error": "1.3.2",
        "pug-walk": "1.1.3",
        "resolve": "1.3.3",
        "uglify-js": "2.8.29"
      }
    },
    "pug-lexer": {
      "version": "3.1.0",
      "resolved": "https://registry.npmjs.org/pug-lexer/-/pug-lexer-3.1.0.tgz",
      "integrity": "sha1-/QhzdtSmdbT1n4/vQiiDQ06VgaI=",
      "requires": {
        "character-parser": "2.2.0",
        "is-expression": "3.0.0",
        "pug-error": "1.3.2"
      },
      "dependencies": {
        "acorn": {
          "version": "4.0.13",
          "resolved": "https://registry.npmjs.org/acorn/-/acorn-4.0.13.tgz",
          "integrity": "sha1-EFSVrlNh1pe9GVyCUZLhrX8lN4c="
        },
        "is-expression": {
          "version": "3.0.0",
          "resolved": "https://registry.npmjs.org/is-expression/-/is-expression-3.0.0.tgz",
          "integrity": "sha1-Oayqa+f9HzRx3ELHQW5hwkMXrJ8=",
          "requires": {
            "acorn": "4.0.13",
            "object-assign": "4.1.1"
          }
        }
      }
    },
    "pug-linker": {
      "version": "3.0.1",
      "resolved": "https://registry.npmjs.org/pug-linker/-/pug-linker-3.0.1.tgz",
      "integrity": "sha1-uj+P8hPKjzowSFm0T+0Tynud+hk=",
      "requires": {
        "pug-error": "1.3.2",
        "pug-walk": "1.1.3"
      }
    },
    "pug-load": {
      "version": "2.0.7",
      "resolved": "https://registry.npmjs.org/pug-load/-/pug-load-2.0.7.tgz",
      "integrity": "sha1-Ux0MbhFUYBDphGMNA99AY2fS3nc=",
      "requires": {
        "object-assign": "4.1.1",
        "pug-walk": "1.1.3"
      }
    },
    "pug-parser": {
      "version": "3.0.0",
      "resolved": "https://registry.npmjs.org/pug-parser/-/pug-parser-3.0.0.tgz",
      "integrity": "sha1-N8YZ3YAPZCGHzk1s4aFkzddUh6M=",
      "requires": {
        "pug-error": "1.3.2",
        "token-stream": "0.0.1"
      }
    },
    "pug-runtime": {
      "version": "2.0.3",
      "resolved": "https://registry.npmjs.org/pug-runtime/-/pug-runtime-2.0.3.tgz",
      "integrity": "sha1-mBYmB7D86eJU1CfzOYelrucWi9o="
    },
    "pug-strip-comments": {
      "version": "1.0.2",
      "resolved": "https://registry.npmjs.org/pug-strip-comments/-/pug-strip-comments-1.0.2.tgz",
      "integrity": "sha1-0xOvoBvMN0mA4TmeI+vy65vchRM=",
      "requires": {
        "pug-error": "1.3.2"
      }
    },
    "pug-walk": {
      "version": "1.1.3",
      "resolved": "https://registry.npmjs.org/pug-walk/-/pug-walk-1.1.3.tgz",
      "integrity": "sha1-181bI9s8qHxjbIaglz+c2OAwQ2w="
    },
    "qs": {
      "version": "6.4.0",
      "resolved": "https://registry.npmjs.org/qs/-/qs-6.4.0.tgz",
      "integrity": "sha1-E+JtKK1rD/qpExLNO/cI7TUecjM="
    },
    "range-parser": {
      "version": "1.2.0",
      "resolved": "https://registry.npmjs.org/range-parser/-/range-parser-1.2.0.tgz",
      "integrity": "sha1-9JvmtIeJTdxA3MlKMi9hEJLgDV4="
    },
    "raw-body": {
      "version": "2.2.0",
      "resolved": "https://registry.npmjs.org/raw-body/-/raw-body-2.2.0.tgz",
      "integrity": "sha1-mUl2z2pQlqQRYoQEkvC9xdbn+5Y=",
      "requires": {
        "bytes": "2.4.0",
        "iconv-lite": "0.4.15",
        "unpipe": "1.0.0"
      },
      "dependencies": {
        "bytes": {
          "version": "2.4.0",
          "resolved": "https://registry.npmjs.org/bytes/-/bytes-2.4.0.tgz",
          "integrity": "sha1-fZcZb51br39pNeJZhVSe3SpsIzk="
        }
      }
    },
    "repeat-string": {
      "version": "1.6.1",
      "resolved": "https://registry.npmjs.org/repeat-string/-/repeat-string-1.6.1.tgz",
      "integrity": "sha1-jcrkcOHIirwtYA//Sndihtp15jc="
    },
    "resolve": {
      "version": "1.3.3",
      "resolved": "https://registry.npmjs.org/resolve/-/resolve-1.3.3.tgz",
      "integrity": "sha1-ZVkHw0aahoDcLeOidaj91paR8OU=",
      "requires": {
        "path-parse": "1.0.5"
      }
    },
    "right-align": {
      "version": "0.1.3",
      "resolved": "https://registry.npmjs.org/right-align/-/right-align-0.1.3.tgz",
      "integrity": "sha1-YTObci/mo1FWiSENJOFMlhSGE+8=",
      "requires": {
        "align-text": "0.1.4"
      }
    },
    "send": {
      "version": "0.15.1",
      "resolved": "https://registry.npmjs.org/send/-/send-0.15.1.tgz",
      "integrity": "sha1-igI1TCbm9cynAAZfXwzeupDse18=",
      "requires": {
        "debug": "2.6.1",
        "depd": "1.1.0",
        "destroy": "1.0.4",
        "encodeurl": "1.0.1",
        "escape-html": "1.0.3",
        "etag": "1.8.0",
        "fresh": "0.5.0",
        "http-errors": "1.6.1",
        "mime": "1.3.4",
        "ms": "0.7.2",
        "on-finished": "2.3.0",
        "range-parser": "1.2.0",
        "statuses": "1.3.1"
      }
    },
    "serve-static": {
      "version": "1.12.1",
      "resolved": "https://registry.npmjs.org/serve-static/-/serve-static-1.12.1.tgz",
      "integrity": "sha1-dEOpZePO1kes61Y5+ga/TRu+ADk=",
      "requires": {
        "encodeurl": "1.0.1",
        "escape-html": "1.0.3",
        "parseurl": "1.3.1",
        "send": "0.15.1"
      }
    },
    "setprototypeof": {
      "version": "1.0.3",
      "resolved": "https://registry.npmjs.org/setprototypeof/-/setprototypeof-1.0.3.tgz",
      "integrity": "sha1-ZlZ+NwQ+608E2RvWWMDL77VbjgQ="
    },
    "source-map": {
      "version": "0.4.4",
      "resolved": "https://registry.npmjs.org/source-map/-/source-map-0.4.4.tgz",
      "integrity": "sha1-66T12pwNyZneaAMti092FzZSA2s=",
      "requires": {
        "amdefine": "1.0.1"
      }
    },
    "statuses": {
      "version": "1.3.1",
      "resolved": "https://registry.npmjs.org/statuses/-/statuses-1.3.1.tgz",
      "integrity": "sha1-+vUbnrdKrvOzrPStX2Gr8ky3uT4="
    },
    "token-stream": {
      "version": "0.0.1",
      "resolved": "https://registry.npmjs.org/token-stream/-/token-stream-0.0.1.tgz",
      "integrity": "sha1-zu78cXp2xDFvEm0LnbqlXX598Bo="
    },
    "type-is": {
      "version": "1.6.15",
      "resolved": "https://registry.npmjs.org/type-is/-/type-is-1.6.15.tgz",
      "integrity": "sha1-yrEPtJCeRByChC6v4a1kbIGARBA=",
      "requires": {
        "media-typer": "0.3.0",
        "mime-types": "2.1.15"
      }
    },
    "uglify-js": {
      "version": "2.8.29",
      "resolved": "https://registry.npmjs.org/uglify-js/-/uglify-js-2.8.29.tgz",
      "integrity": "sha1-KcVzMUgFe7Th913zW3qcty5qWd0=",
      "requires": {
        "source-map": "0.5.6",
        "uglify-to-browserify": "1.0.2",
        "yargs": "3.10.0"
      },
      "dependencies": {
        "source-map": {
          "version": "0.5.6",
          "resolved": "https://registry.npmjs.org/source-map/-/source-map-0.5.6.tgz",
          "integrity": "sha1-dc449SvwczxafwwRjYEzSiu19BI="
        }
      }
    },
    "uglify-to-browserify": {
      "version": "1.0.2",
      "resolved": "https://registry.npmjs.org/uglify-to-browserify/-/uglify-to-browserify-1.0.2.tgz",
      "integrity": "sha1-bgkk1r2mta/jSeOabWMoUKD4grc=",
      "optional": true
    },
    "unpipe": {
      "version": "1.0.0",
      "resolved": "https://registry.npmjs.org/unpipe/-/unpipe-1.0.0.tgz",
      "integrity": "sha1-sr9O6FFKrmFltIF4KdIbLvSZBOw="
    },
    "utils-merge": {
      "version": "1.0.0",
      "resolved": "https://registry.npmjs.org/utils-merge/-/utils-merge-1.0.0.tgz",
      "integrity": "sha1-ApT7kiu5N1FTVBxPcJYjHyh8ivg="
    },
    "vary": {
      "version": "1.1.1",
      "resolved": "https://registry.npmjs.org/vary/-/vary-1.1.1.tgz",
      "integrity": "sha1-Z1Neu2lMHVIldFeYRmUyP1h+jTc="
    },
    "void-elements": {
      "version": "2.0.1",
      "resolved": "https://registry.npmjs.org/void-elements/-/void-elements-2.0.1.tgz",
      "integrity": "sha1-wGavtYK7HLQSjWDqkjkulNXp2+w="
    },
    "window-size": {
      "version": "0.1.0",
      "resolved": "https://registry.npmjs.org/window-size/-/window-size-0.1.0.tgz",
      "integrity": "sha1-VDjNLqk7IC76Ohn+iIeu58lPnJ0="
    },
    "with": {
      "version": "5.1.1",
      "resolved": "https://registry.npmjs.org/with/-/with-5.1.1.tgz",
      "integrity": "sha1-+k2qktrzLE6pTtRTyB8EaGtXXf4=",
      "requires": {
        "acorn": "3.3.0",
        "acorn-globals": "3.1.0"
      }
    },
    "wordwrap": {
      "version": "0.0.2",
      "resolved": "https://registry.npmjs.org/wordwrap/-/wordwrap-0.0.2.tgz",
      "integrity": "sha1-t5Zpu0LstAn4PVg8rVLKF+qhZD8="
    },
    "yargs": {
      "version": "3.10.0",
      "resolved": "https://registry.npmjs.org/yargs/-/yargs-3.10.0.tgz",
      "integrity": "sha1-9+572FfdfB0tOMDnTvvWgdFDH9E=",
      "requires": {
        "camelcase": "1.2.1",
        "cliui": "2.1.0",
        "decamelize": "1.2.0",
        "window-size": "0.1.0"
      }
    }
  }
}
