# THIS IS AN AUTOGENERATED FILE. DO NOT EDIT THIS FILE DIRECTLY.
# yarn lockfile v1


accepts@~1.3.3:
  version "1.3.4"
  resolved "https://registry.yarnpkg.com/accepts/-/accepts-1.3.4.tgz#86246758c7dd6d21a6474ff084a4740ec05eb21f"
  dependencies:
    mime-types "~2.1.16"
    negotiator "0.6.1"

acorn-globals@^3.0.0:
  version "3.1.0"
  resolved "https://registry.yarnpkg.com/acorn-globals/-/acorn-globals-3.1.0.tgz#fd8270f71fbb4996b004fa880ee5d46573a731bf"
  dependencies:
    acorn "^4.0.4"

acorn@^3.1.0, acorn@~3.3.0:
  version "3.3.0"
  resolved "https://registry.yarnpkg.com/acorn/-/acorn-3.3.0.tgz#45e37fb39e8da3f25baee3ff5369e2bb5f22017a"

acorn@^4.0.4, acorn@~4.0.2:
  version "4.0.13"
  resolved "https://registry.yarnpkg.com/acorn/-/acorn-4.0.13.tgz#105495ae5361d697bd195c825192e1ad7f253787"

agent-base@~1.0.1:
  version "1.0.2"
  resolved "https://registry.yarnpkg.com/agent-base/-/agent-base-1.0.2.tgz#6890d3fb217004b62b70f8928e0fae5f8952a706"

align-text@^0.1.1, align-text@^0.1.3:
  version "0.1.4"
  resolved "https://registry.yarnpkg.com/align-text/-/align-text-0.1.4.tgz#0cd90a561093f35d0a99256c22b7069433fad117"
  dependencies:
    kind-of "^3.0.2"
    longest "^1.0.1"
    repeat-string "^1.5.2"

amdefine@>=0.0.4:
  version "1.0.1"
  resolved "https://registry.yarnpkg.com/amdefine/-/amdefine-1.0.1.tgz#4a5282ac164729e93619bcfd3ad151f817ce91f5"

array-flatten@1.1.1:
  version "1.1.1"
  resolved "https://registry.yarnpkg.com/array-flatten/-/array-flatten-1.1.1.tgz#9a5f699051b1e7073328f2a008968b64ea2955d2"

asap@~2.0.3:
  version "2.0.6"
  resolved "https://registry.yarnpkg.com/asap/-/asap-2.0.6.tgz#e50347611d7e690943208bbdafebcbc2fb866d46"

axios@0.16.1:
  version "0.16.1"
  resolved "https://registry.yarnpkg.com/axios/-/axios-0.16.1.tgz#c0b6d26600842384b8f509e57111f0d2df8223ca"
  dependencies:
    follow-redirects "^1.2.3"

base64url@2.0.0, base64url@^2.0.0:
  version "2.0.0"
  resolved "https://registry.yarnpkg.com/base64url/-/base64url-2.0.0.tgz#eac16e03ea1438eff9423d69baa36262ed1f70bb"

body-parser@1.17.2:
  version "1.17.2"
  resolved "https://registry.yarnpkg.com/body-parser/-/body-parser-1.17.2.tgz#f8892abc8f9e627d42aedafbca66bf5ab99104ee"
  dependencies:
    bytes "2.4.0"
    content-type "~1.0.2"
    debug "2.6.7"
    depd "~1.1.0"
    http-errors "~1.6.1"
    iconv-lite "0.4.15"
    on-finished "~2.3.0"
    qs "6.4.0"
    raw-body "~2.2.0"
    type-is "~1.6.15"

buffer-equal-constant-time@1.0.1:
  version "1.0.1"
  resolved "https://registry.yarnpkg.com/buffer-equal-constant-time/-/buffer-equal-constant-time-1.0.1.tgz#f8e71132f7ffe6e01a5c9697a4c6f3e48d5cc819"

bytes@2.4.0:
  version "2.4.0"
  resolved "https://registry.yarnpkg.com/bytes/-/bytes-2.4.0.tgz#7d97196f9d5baf7f6935e25985549edd2a6c2339"

bytes@2.5.0:
  version "2.5.0"
  resolved "https://registry.yarnpkg.com/bytes/-/bytes-2.5.0.tgz#4c9423ea2d252c270c41b2bdefeff9bb6b62c06a"

camelcase@^1.0.2:
  version "1.2.1"
  resolved "https://registry.yarnpkg.com/camelcase/-/camelcase-1.2.1.tgz#9bb5304d2e0b56698b2c758b08a3eaa9daa58a39"

center-align@^0.1.1:
  version "0.1.3"
  resolved "https://registry.yarnpkg.com/center-align/-/center-align-0.1.3.tgz#aa0d32629b6ee972200411cbd4461c907bc2b7ad"
  dependencies:
    align-text "^0.1.3"
    lazy-cache "^1.0.3"

character-parser@^2.1.1:
  version "2.2.0"
  resolved "https://registry.yarnpkg.com/character-parser/-/character-parser-2.2.0.tgz#c7ce28f36d4bcd9744e5ffc2c5fcde1c73261fc0"
  dependencies:
    is-regex "^1.0.3"

clean-css@^3.3.0:
  version "3.4.28"
  resolved "https://registry.yarnpkg.com/clean-css/-/clean-css-3.4.28.tgz#bf1945e82fc808f55695e6ddeaec01400efd03ff"
  dependencies:
    commander "2.8.x"
    source-map "0.4.x"

cliui@^2.1.0:
  version "2.1.0"
  resolved "https://registry.yarnpkg.com/cliui/-/cliui-2.1.0.tgz#4b475760ff80264c762c3a1719032e91c7fea0d1"
  dependencies:
    center-align "^0.1.1"
    right-align "^0.1.1"
    wordwrap "0.0.2"

commander@2.8.x:
  version "2.8.1"
  resolved "https://registry.yarnpkg.com/commander/-/commander-2.8.1.tgz#06be367febfda0c330aa1e2a072d3dc9762425d4"
  dependencies:
    graceful-readlink ">= 1.0.0"

concat-stream@^1.5.0:
  version "1.6.0"
  resolved "https://registry.yarnpkg.com/concat-stream/-/concat-stream-1.6.0.tgz#0aac662fd52be78964d5532f694784e70110acf7"
  dependencies:
    inherits "^2.0.3"
    readable-stream "^2.2.2"
    typedarray "^0.0.6"

constantinople@^3.0.1:
  version "3.1.0"
  resolved "https://registry.yarnpkg.com/constantinople/-/constantinople-3.1.0.tgz#7569caa8aa3f8d5935d62e1fa96f9f702cd81c79"
  dependencies:
    acorn "^3.1.0"
    is-expression "^2.0.1"

content-disposition@0.5.2:
  version "0.5.2"
  resolved "https://registry.yarnpkg.com/content-disposition/-/content-disposition-0.5.2.tgz#0cf68bb9ddf5f2be7961c3a85178cb85dba78cb4"

content-type@~1.0.2:
  version "1.0.2"
  resolved "https://registry.yarnpkg.com/content-type/-/content-type-1.0.2.tgz#b7d113aee7a8dd27bd21133c4dc2529df1721eed"

cookie-signature@1.0.6:
  version "1.0.6"
  resolved "https://registry.yarnpkg.com/cookie-signature/-/cookie-signature-1.0.6.tgz#e303a882b342cc3ee8ca513a79999734dab3ae2c"

cookie@0.3.1:
  version "0.3.1"
  resolved "https://registry.yarnpkg.com/cookie/-/cookie-0.3.1.tgz#e7e0a1f9ef43b4c8ba925c5c5a96e806d16873bb"

core-util-is@~1.0.0:
  version "1.0.2"
  resolved "https://registry.yarnpkg.com/core-util-is/-/core-util-is-1.0.2.tgz#b5fd54220aa2bc5ab57aab7140c940754503c1a7"

debug@2, debug@2.6.8, debug@^2.4.5:
  version "2.6.8"
  resolved "https://registry.yarnpkg.com/debug/-/debug-2.6.8.tgz#e731531ca2ede27d188222427da17821d68ff4fc"
  dependencies:
    ms "2.0.0"

debug@2.6.1:
  version "2.6.1"
  resolved "https://registry.yarnpkg.com/debug/-/debug-2.6.1.tgz#79855090ba2c4e3115cc7d8769491d58f0491351"
  dependencies:
    ms "0.7.2"

debug@2.6.7:
  version "2.6.7"
  resolved "https://registry.yarnpkg.com/debug/-/debug-2.6.7.tgz#92bad1f6d05bbb6bba22cca88bcd0ec894c2861e"
  dependencies:
    ms "2.0.0"

decamelize@^1.0.0:
  version "1.2.0"
  resolved "https://registry.yarnpkg.com/decamelize/-/decamelize-1.2.0.tgz#f6534d15148269b20352e7bee26f501f9a191290"

depd@1.1.1, depd@~1.1.0:
  version "1.1.1"
  resolved "https://registry.yarnpkg.com/depd/-/depd-1.1.1.tgz#5783b4e1c459f06fa5ca27f991f3d06e7a310359"

destroy@~1.0.4:
  version "1.0.4"
  resolved "https://registry.yarnpkg.com/destroy/-/destroy-1.0.4.tgz#978857442c44749e4206613e37946205826abd80"

doctypes@^1.1.0:
  version "1.1.0"
  resolved "https://registry.yarnpkg.com/doctypes/-/doctypes-1.1.0.tgz#ea80b106a87538774e8a3a4a5afe293de489e0a9"

dom-storage@^2.0.2:
  version "2.0.2"
  resolved "https://registry.yarnpkg.com/dom-storage/-/dom-storage-2.0.2.tgz#ed17cbf68abd10e0aef8182713e297c5e4b500b0"

dotenv@4.0.0:
  version "4.0.0"
  resolved "https://registry.yarnpkg.com/dotenv/-/dotenv-4.0.0.tgz#864ef1379aced55ce6f95debecdce179f7a0cd1d"

ecdsa-sig-formatter@1.0.9:
  version "1.0.9"
  resolved "https://registry.yarnpkg.com/ecdsa-sig-formatter/-/ecdsa-sig-formatter-1.0.9.tgz#4bc926274ec3b5abb5016e7e1d60921ac262b2a1"
  dependencies:
    base64url "^2.0.0"
    safe-buffer "^5.0.1"

ee-first@1.1.1:
  version "1.1.1"
  resolved "https://registry.yarnpkg.com/ee-first/-/ee-first-1.1.1.tgz#590c61156b0ae2f4f0255732a158b266bc56b21d"

encodeurl@~1.0.1:
  version "1.0.1"
  resolved "https://registry.yarnpkg.com/encodeurl/-/encodeurl-1.0.1.tgz#79e3d58655346909fe6f0f45a5de68103b294d20"

escape-html@~1.0.3:
  version "1.0.3"
  resolved "https://registry.yarnpkg.com/escape-html/-/escape-html-1.0.3.tgz#0258eae4d3d0c0974de1c169188ef0051d1d1988"

etag@~1.8.0:
  version "1.8.0"
  resolved "https://registry.yarnpkg.com/etag/-/etag-1.8.0.tgz#6f631aef336d6c46362b51764044ce216be3c051"

express@4.15.2:
  version "4.15.2"
  resolved "https://registry.yarnpkg.com/express/-/express-4.15.2.tgz#af107fc148504457f2dca9a6f2571d7129b97b35"
  dependencies:
    accepts "~1.3.3"
    array-flatten "1.1.1"
    content-disposition "0.5.2"
    content-type "~1.0.2"
    cookie "0.3.1"
    cookie-signature "1.0.6"
    debug "2.6.1"
    depd "~1.1.0"
    encodeurl "~1.0.1"
    escape-html "~1.0.3"
    etag "~1.8.0"
    finalhandler "~1.0.0"
    fresh "0.5.0"
    merge-descriptors "1.0.1"
    methods "~1.1.2"
    on-finished "~2.3.0"
    parseurl "~1.3.1"
    path-to-regexp "0.1.7"
    proxy-addr "~1.1.3"
    qs "6.4.0"
    range-parser "~1.2.0"
    send "0.15.1"
    serve-static "1.12.1"
    setprototypeof "1.0.3"
    statuses "~1.3.1"
    type-is "~1.6.14"
    utils-merge "1.0.0"
    vary "~1.1.0"

extend@3:
  version "3.0.1"
  resolved "https://registry.yarnpkg.com/extend/-/extend-3.0.1.tgz#a755ea7bc1adfcc5a31ce7e762dbaadc5e636444"

faye-websocket@0.9.3:
  version "0.9.3"
  resolved "https://registry.yarnpkg.com/faye-websocket/-/faye-websocket-0.9.3.tgz#482a505b0df0ae626b969866d3bd740cdb962e83"
  dependencies:
    websocket-driver ">=0.5.1"

finalhandler@~1.0.0:
  version "1.0.4"
  resolved "https://registry.yarnpkg.com/finalhandler/-/finalhandler-1.0.4.tgz#18574f2e7c4b98b8ae3b230c21f201f31bdb3fb7"
  dependencies:
    debug "2.6.8"
    encodeurl "~1.0.1"
    escape-html "~1.0.3"
    on-finished "~2.3.0"
    parseurl "~1.3.1"
    statuses "~1.3.1"
    unpipe "~1.0.0"

firebase@4.1.2:
  version "4.1.2"
  resolved "https://registry.yarnpkg.com/firebase/-/firebase-4.1.2.tgz#b213ab229eb65e31bdbd1d262059b1bb1edfac1f"
  dependencies:
    dom-storage "^2.0.2"
    faye-websocket "0.9.3"
    jsonwebtoken "^7.3.0"
    promise-polyfill "^6.0.2"
    xmlhttprequest "^1.8.0"

follow-redirects@^1.2.3:
  version "1.2.4"
  resolved "https://registry.yarnpkg.com/follow-redirects/-/follow-redirects-1.2.4.tgz#355e8f4d16876b43f577b0d5ce2668b9723214ea"
  dependencies:
    debug "^2.4.5"

forwarded@~0.1.0:
  version "0.1.0"
  resolved "https://registry.yarnpkg.com/forwarded/-/forwarded-0.1.0.tgz#19ef9874c4ae1c297bcf078fde63a09b66a84363"

fresh@0.5.0:
  version "0.5.0"
  resolved "https://registry.yarnpkg.com/fresh/-/fresh-0.5.0.tgz#f474ca5e6a9246d6fd8e0953cfa9b9c805afa78e"

function-bind@^1.0.2:
  version "1.1.0"
  resolved "https://registry.yarnpkg.com/function-bind/-/function-bind-1.1.0.tgz#16176714c801798e4e8f2cf7f7529467bb4a5771"

"graceful-readlink@>= 1.0.0":
  version "1.0.1"
  resolved "https://registry.yarnpkg.com/graceful-readlink/-/graceful-readlink-1.0.1.tgz#4cafad76bc62f02fa039b2f94e9a3dd3a391a725"

has@^1.0.1:
  version "1.0.1"
  resolved "https://registry.yarnpkg.com/has/-/has-1.0.1.tgz#8461733f538b0837c9361e39a9ab9e9704dc2f28"
  dependencies:
    function-bind "^1.0.2"

hoek@2.x.x:
  version "2.16.3"
  resolved "https://registry.yarnpkg.com/hoek/-/hoek-2.16.3.tgz#20bb7403d3cea398e91dc4710a8ff1b8274a25ed"

http-errors@~1.6.1:
  version "1.6.2"
  resolved "https://registry.yarnpkg.com/http-errors/-/http-errors-1.6.2.tgz#0a002cc85707192a7e7946ceedc11155f60ec736"
  dependencies:
    depd "1.1.1"
    inherits "2.0.3"
    setprototypeof "1.0.3"
    statuses ">= 1.3.1 < 2"

https-proxy-agent@^0.3.5:
  version "0.3.6"
  resolved "https://registry.yarnpkg.com/https-proxy-agent/-/https-proxy-agent-0.3.6.tgz#713fa38e5d353f50eb14a342febe29033ed1619b"
  dependencies:
    agent-base "~1.0.1"
    debug "2"
    extend "3"

iconv-lite@0.4.15:
  version "0.4.15"
  resolved "https://registry.yarnpkg.com/iconv-lite/-/iconv-lite-0.4.15.tgz#fe265a218ac6a57cfe854927e9d04c19825eddeb"

inherits@2.0.3, inherits@^2.0.3, inherits@~2.0.1, inherits@~2.0.3:
  version "2.0.3"
  resolved "https://registry.yarnpkg.com/inherits/-/inherits-2.0.3.tgz#633c2c83e3da42a502f52466022480f4208261de"

ipaddr.js@1.4.0:
  version "1.4.0"
  resolved "https://registry.yarnpkg.com/ipaddr.js/-/ipaddr.js-1.4.0.tgz#296aca878a821816e5b85d0a285a99bcff4582f0"

is-buffer@^1.1.5:
  version "1.1.5"
  resolved "https://registry.yarnpkg.com/is-buffer/-/is-buffer-1.1.5.tgz#1f3b26ef613b214b88cbca23cc6c01d87961eecc"

is-expression@^2.0.1:
  version "2.1.0"
  resolved "https://registry.yarnpkg.com/is-expression/-/is-expression-2.1.0.tgz#91be9d47debcfef077977e9722be6dcfb4465ef0"
  dependencies:
    acorn "~3.3.0"
    object-assign "^4.0.1"

is-expression@^3.0.0:
  version "3.0.0"
  resolved "https://registry.yarnpkg.com/is-expression/-/is-expression-3.0.0.tgz#39acaa6be7fd1f3471dc42c7416e61c24317ac9f"
  dependencies:
    acorn "~4.0.2"
    object-assign "^4.0.1"

is-promise@^2.0.0:
  version "2.1.0"
  resolved "https://registry.yarnpkg.com/is-promise/-/is-promise-2.1.0.tgz#79a2a9ece7f096e80f36d2b2f3bc16c1ff4bf3fa"

is-regex@^1.0.3:
  version "1.0.4"
  resolved "https://registry.yarnpkg.com/is-regex/-/is-regex-1.0.4.tgz#5517489b547091b0930e095654ced25ee97e9491"
  dependencies:
    has "^1.0.1"

isarray@0.0.1:
  version "0.0.1"
  resolved "https://registry.yarnpkg.com/isarray/-/isarray-0.0.1.tgz#8a18acfca9a8f4177e09abfc6038939b05d1eedf"

isarray@~1.0.0:
  version "1.0.0"
  resolved "https://registry.yarnpkg.com/isarray/-/isarray-1.0.0.tgz#bb935d48582cba168c06834957a54a3e07124f11"

isemail@1.x.x:
  version "1.2.0"
  resolved "https://registry.yarnpkg.com/isemail/-/isemail-1.2.0.tgz#be03df8cc3e29de4d2c5df6501263f1fa4595e9a"

joi@^6.10.1:
  version "6.10.1"
  resolved "https://registry.yarnpkg.com/joi/-/joi-6.10.1.tgz#4d50c318079122000fe5f16af1ff8e1917b77e06"
  dependencies:
    hoek "2.x.x"
    isemail "1.x.x"
    moment "2.x.x"
    topo "1.x.x"

js-stringify@^1.0.1:
  version "1.0.2"
  resolved "https://registry.yarnpkg.com/js-stringify/-/js-stringify-1.0.2.tgz#1736fddfd9724f28a3682adc6230ae7e4e9679db"

json-stringify-safe@^5.0.0:
  version "5.0.1"
  resolved "https://registry.yarnpkg.com/json-stringify-safe/-/json-stringify-safe-5.0.1.tgz#1296a2d58fd45f19a0f6ce01d65701e2c735b6eb"

jsonwebtoken@^7.3.0:
  version "7.4.3"
  resolved "https://registry.yarnpkg.com/jsonwebtoken/-/jsonwebtoken-7.4.3.tgz#77f5021de058b605a1783fa1283e99812e645638"
  dependencies:
    joi "^6.10.1"
    jws "^3.1.4"
    lodash.once "^4.0.0"
    ms "^2.0.0"
    xtend "^4.0.1"

jstransformer@1.0.0:
  version "1.0.0"
  resolved "https://registry.yarnpkg.com/jstransformer/-/jstransformer-1.0.0.tgz#ed8bf0921e2f3f1ed4d5c1a44f68709ed24722c3"
  dependencies:
    is-promise "^2.0.0"
    promise "^7.0.1"

jwa@^1.1.4:
  version "1.1.5"
  resolved "https://registry.yarnpkg.com/jwa/-/jwa-1.1.5.tgz#a0552ce0220742cd52e153774a32905c30e756e5"
  dependencies:
    base64url "2.0.0"
    buffer-equal-constant-time "1.0.1"
    ecdsa-sig-formatter "1.0.9"
    safe-buffer "^5.0.1"

jws@^3.1.4:
  version "3.1.4"
  resolved "https://registry.yarnpkg.com/jws/-/jws-3.1.4.tgz#f9e8b9338e8a847277d6444b1464f61880e050a2"
  dependencies:
    base64url "^2.0.0"
    jwa "^1.1.4"
    safe-buffer "^5.0.1"

kind-of@^3.0.2:
  version "3.2.2"
  resolved "https://registry.yarnpkg.com/kind-of/-/kind-of-3.2.2.tgz#31ea21a734bab9bbb0f32466d893aea51e4a3c64"
  dependencies:
    is-buffer "^1.1.5"

lazy-cache@^1.0.3:
  version "1.0.4"
  resolved "https://registry.yarnpkg.com/lazy-cache/-/lazy-cache-1.0.4.tgz#a1d78fc3a50474cb80845d3b3b6e1da49a446e8e"

lodash.once@^4.0.0:
  version "4.1.1"
  resolved "https://registry.yarnpkg.com/lodash.once/-/lodash.once-4.1.1.tgz#0dd3971213c7c56df880977d504c88fb471a97ac"

longest@^1.0.1:
  version "1.0.1"
  resolved "https://registry.yarnpkg.com/longest/-/longest-1.0.1.tgz#30a0b2da38f73770e8294a0d22e6625ed77d0097"

media-typer@0.3.0:
  version "0.3.0"
  resolved "https://registry.yarnpkg.com/media-typer/-/media-typer-0.3.0.tgz#8710d7af0aa626f8fffa1ce00168545263255748"

merge-descriptors@1.0.1:
  version "1.0.1"
  resolved "https://registry.yarnpkg.com/merge-descriptors/-/merge-descriptors-1.0.1.tgz#b00aaa556dd8b44568150ec9d1b953f3f90cbb61"

methods@~1.1.2:
  version "1.1.2"
  resolved "https://registry.yarnpkg.com/methods/-/methods-1.1.2.tgz#5529a4d67654134edcc5266656835b0f851afcee"

mime-db@~1.29.0:
  version "1.29.0"
  resolved "https://registry.yarnpkg.com/mime-db/-/mime-db-1.29.0.tgz#48d26d235589651704ac5916ca06001914266878"

mime-types@~2.1.15, mime-types@~2.1.16:
  version "2.1.16"
  resolved "https://registry.yarnpkg.com/mime-types/-/mime-types-2.1.16.tgz#2b858a52e5ecd516db897ac2be87487830698e23"
  dependencies:
    mime-db "~1.29.0"

mime@1.3.4:
  version "1.3.4"
  resolved "https://registry.yarnpkg.com/mime/-/mime-1.3.4.tgz#115f9e3b6b3daf2959983cb38f149a2d40eb5d53"

moment@2.x.x:
  version "2.18.1"
  resolved "https://registry.yarnpkg.com/moment/-/moment-2.18.1.tgz#c36193dd3ce1c2eed2adb7c802dbbc77a81b1c0f"

ms@0.7.2:
  version "0.7.2"
  resolved "https://registry.yarnpkg.com/ms/-/ms-0.7.2.tgz#ae25cf2512b3885a1d95d7f037868d8431124765"

ms@2.0.0, ms@^2.0.0:
  version "2.0.0"
  resolved "https://registry.yarnpkg.com/ms/-/ms-2.0.0.tgz#5608aeadfc00be6c2901df5f9861788de0d597c8"

negotiator@0.6.1:
  version "0.6.1"
  resolved "https://registry.yarnpkg.com/negotiator/-/negotiator-0.6.1.tgz#2b327184e8992101177b28563fb5e7102acd0ca9"

newrelic@1.40.0:
  version "1.40.0"
  resolved "https://registry.yarnpkg.com/newrelic/-/newrelic-1.40.0.tgz#2548df14c441ebfc9d3b8eb989d137f7b69a1d6f"
  dependencies:
    concat-stream "^1.5.0"
    https-proxy-agent "^0.3.5"
    json-stringify-safe "^5.0.0"
    readable-stream "^1.1.13"
    semver "^5.3.0"

object-assign@^4.0.1, object-assign@^4.1.0:
  version "4.1.1"
  resolved "https://registry.yarnpkg.com/object-assign/-/object-assign-4.1.1.tgz#2109adc7965887cfc05cbbd442cac8bfbb360863"

on-finished@~2.3.0:
  version "2.3.0"
  resolved "https://registry.yarnpkg.com/on-finished/-/on-finished-2.3.0.tgz#20f1336481b083cd75337992a16971aa2d906947"
  dependencies:
    ee-first "1.1.1"

parseurl@~1.3.1:
  version "1.3.1"
  resolved "https://registry.yarnpkg.com/parseurl/-/parseurl-1.3.1.tgz#c8ab8c9223ba34888aa64a297b28853bec18da56"

path-parse@^1.0.5:
  version "1.0.5"
  resolved "https://registry.yarnpkg.com/path-parse/-/path-parse-1.0.5.tgz#3c1adf871ea9cd6c9431b6ea2bd74a0ff055c4c1"

path-to-regexp@0.1.7:
  version "0.1.7"
  resolved "https://registry.yarnpkg.com/path-to-regexp/-/path-to-regexp-0.1.7.tgz#df604178005f522f15eb4490e7247a1bfaa67f8c"

process-nextick-args@~1.0.6:
  version "1.0.7"
  resolved "https://registry.yarnpkg.com/process-nextick-args/-/process-nextick-args-1.0.7.tgz#150e20b756590ad3f91093f25a4f2ad8bff30ba3"

promise-polyfill@^6.0.2:
  version "6.0.2"
  resolved "https://registry.yarnpkg.com/promise-polyfill/-/promise-polyfill-6.0.2.tgz#d9c86d3dc4dc2df9016e88946defd69b49b41162"

promise@^7.0.1:
  version "7.3.1"
  resolved "https://registry.yarnpkg.com/promise/-/promise-7.3.1.tgz#064b72602b18f90f29192b8b1bc418ffd1ebd3bf"
  dependencies:
    asap "~2.0.3"

proxy-addr@~1.1.3:
  version "1.1.5"
  resolved "https://registry.yarnpkg.com/proxy-addr/-/proxy-addr-1.1.5.tgz#71c0ee3b102de3f202f3b64f608d173fcba1a918"
  dependencies:
    forwarded "~0.1.0"
    ipaddr.js "1.4.0"

pug-attrs@^2.0.2:
  version "2.0.2"
  resolved "https://registry.yarnpkg.com/pug-attrs/-/pug-attrs-2.0.2.tgz#8be2b2225568ffa75d1b866982bff9f4111affcb"
  dependencies:
    constantinople "^3.0.1"
    js-stringify "^1.0.1"
    pug-runtime "^2.0.3"

pug-code-gen@^1.1.1:
  version "1.1.1"
  resolved "https://registry.yarnpkg.com/pug-code-gen/-/pug-code-gen-1.1.1.tgz#1cf72744ef2a039eae6a3340caaa1105871258e8"
  dependencies:
    constantinople "^3.0.1"
    doctypes "^1.1.0"
    js-stringify "^1.0.1"
    pug-attrs "^2.0.2"
    pug-error "^1.3.2"
    pug-runtime "^2.0.3"
    void-elements "^2.0.1"
    with "^5.0.0"

pug-error@^1.3.2:
  version "1.3.2"
  resolved "https://registry.yarnpkg.com/pug-error/-/pug-error-1.3.2.tgz#53ae7d9d29bb03cf564493a026109f54c47f5f26"

pug-filters@^2.1.3:
  version "2.1.4"
  resolved "https://registry.yarnpkg.com/pug-filters/-/pug-filters-2.1.4.tgz#ab247c0f58765414b61be7b54fe979e9f6fc898f"
  dependencies:
    clean-css "^3.3.0"
    constantinople "^3.0.1"
    jstransformer "1.0.0"
    pug-error "^1.3.2"
    pug-walk "^1.1.4"
    resolve "^1.1.6"
    uglify-js "^2.6.1"

pug-lexer@^3.1.0:
  version "3.1.0"
  resolved "https://registry.yarnpkg.com/pug-lexer/-/pug-lexer-3.1.0.tgz#fd087376d4a675b4f59f8fef422883434e9581a2"
  dependencies:
    character-parser "^2.1.1"
    is-expression "^3.0.0"
    pug-error "^1.3.2"

pug-linker@^3.0.1:
  version "3.0.2"
  resolved "https://registry.yarnpkg.com/pug-linker/-/pug-linker-3.0.2.tgz#cc0780cf9f3f5522b270871785492b99588d3142"
  dependencies:
    pug-error "^1.3.2"
    pug-walk "^1.1.4"

pug-load@^2.0.7:
  version "2.0.8"
  resolved "https://registry.yarnpkg.com/pug-load/-/pug-load-2.0.8.tgz#1df1c1716f3e68c70d71699cff9458472dc38b9b"
  dependencies:
    object-assign "^4.1.0"
    pug-walk "^1.1.4"

pug-parser@^3.0.0:
  version "3.0.1"
  resolved "https://registry.yarnpkg.com/pug-parser/-/pug-parser-3.0.1.tgz#dc0c5dd6c9c2d89da6105abbdf3d1b0fb4d39b5e"
  dependencies:
    pug-error "^1.3.2"
    token-stream "0.0.1"

pug-runtime@^2.0.3:
  version "2.0.3"
  resolved "https://registry.yarnpkg.com/pug-runtime/-/pug-runtime-2.0.3.tgz#98162607b0fce9e254d427f33987a5aee7168bda"

pug-strip-comments@^1.0.2:
  version "1.0.2"
  resolved "https://registry.yarnpkg.com/pug-strip-comments/-/pug-strip-comments-1.0.2.tgz#d313afa01bcc374980e1399e23ebf2eb9bdc8513"
  dependencies:
    pug-error "^1.3.2"

pug-walk@^1.1.4:
  version "1.1.4"
  resolved "https://registry.yarnpkg.com/pug-walk/-/pug-walk-1.1.4.tgz#29e5174af43b67e99c31b448632e1ff86ddd671c"

pug@2.0.0-rc.2:
  version "2.0.0-rc.2"
  resolved "https://registry.yarnpkg.com/pug/-/pug-2.0.0-rc.2.tgz#07845527790ab2c6be67dcf5eb1f31804081f04a"
  dependencies:
    pug-code-gen "^1.1.1"
    pug-filters "^2.1.3"
    pug-lexer "^3.1.0"
    pug-linker "^3.0.1"
    pug-load "^2.0.7"
    pug-parser "^3.0.0"
    pug-runtime "^2.0.3"
    pug-strip-comments "^1.0.2"

qs@6.4.0:
  version "6.4.0"
  resolved "https://registry.yarnpkg.com/qs/-/qs-6.4.0.tgz#13e26d28ad6b0ffaa91312cd3bf708ed351e7233"

range-parser@~1.2.0:
  version "1.2.0"
  resolved "https://registry.yarnpkg.com/range-parser/-/range-parser-1.2.0.tgz#f49be6b487894ddc40dcc94a322f611092e00d5e"

raw-body@~2.2.0:
  version "2.2.0"
  resolved "https://registry.yarnpkg.com/raw-body/-/raw-body-2.2.0.tgz#994976cf6a5096a41162840492f0bdc5d6e7fb96"
  dependencies:
    bytes "2.4.0"
    iconv-lite "0.4.15"
    unpipe "1.0.0"

readable-stream@^1.1.13:
  version "1.1.14"
  resolved "https://registry.yarnpkg.com/readable-stream/-/readable-stream-1.1.14.tgz#7cf4c54ef648e3813084c636dd2079e166c081d9"
  dependencies:
    core-util-is "~1.0.0"
    inherits "~2.0.1"
    isarray "0.0.1"
    string_decoder "~0.10.x"

readable-stream@^2.2.2:
  version "2.3.3"
  resolved "https://registry.yarnpkg.com/readable-stream/-/readable-stream-2.3.3.tgz#368f2512d79f9d46fdfc71349ae7878bbc1eb95c"
  dependencies:
    core-util-is "~1.0.0"
    inherits "~2.0.3"
    isarray "~1.0.0"
    process-nextick-args "~1.0.6"
    safe-buffer "~5.1.1"
    string_decoder "~1.0.3"
    util-deprecate "~1.0.1"

repeat-string@^1.5.2:
  version "1.6.1"
  resolved "https://registry.yarnpkg.com/repeat-string/-/repeat-string-1.6.1.tgz#8dcae470e1c88abc2d600fff4a776286da75e637"

resolve@^1.1.6:
  version "1.4.0"
  resolved "https://registry.yarnpkg.com/resolve/-/resolve-1.4.0.tgz#a75be01c53da25d934a98ebd0e4c4a7312f92a86"
  dependencies:
    path-parse "^1.0.5"

right-align@^0.1.1:
  version "0.1.3"
  resolved "https://registry.yarnpkg.com/right-align/-/right-align-0.1.3.tgz#61339b722fe6a3515689210d24e14c96148613ef"
  dependencies:
    align-text "^0.1.1"

safe-buffer@^5.0.1, safe-buffer@~5.1.0, safe-buffer@~5.1.1:
  version "5.1.1"
  resolved "https://registry.yarnpkg.com/safe-buffer/-/safe-buffer-5.1.1.tgz#893312af69b2123def71f57889001671eeb2c853"

semver@^5.3.0:
  version "5.4.1"
  resolved "https://registry.yarnpkg.com/semver/-/semver-5.4.1.tgz#e059c09d8571f0540823733433505d3a2f00b18e"

send@0.15.1:
  version "0.15.1"
  resolved "https://registry.yarnpkg.com/send/-/send-0.15.1.tgz#8a02354c26e6f5cca700065f5f0cdeba90ec7b5f"
  dependencies:
    debug "2.6.1"
    depd "~1.1.0"
    destroy "~1.0.4"
    encodeurl "~1.0.1"
    escape-html "~1.0.3"
    etag "~1.8.0"
    fresh "0.5.0"
    http-errors "~1.6.1"
    mime "1.3.4"
    ms "0.7.2"
    on-finished "~2.3.0"
    range-parser "~1.2.0"
    statuses "~1.3.1"

serve-static@1.12.1:
  version "1.12.1"
  resolved "https://registry.yarnpkg.com/serve-static/-/serve-static-1.12.1.tgz#7443a965e3ced647aceb5639fa06bf4d1bbe0039"
  dependencies:
    encodeurl "~1.0.1"
    escape-html "~1.0.3"
    parseurl "~1.3.1"
    send "0.15.1"

setprototypeof@1.0.3:
  version "1.0.3"
  resolved "https://registry.yarnpkg.com/setprototypeof/-/setprototypeof-1.0.3.tgz#66567e37043eeb4f04d91bd658c0cbefb55b8e04"

source-map@0.4.x:
  version "0.4.4"
  resolved "https://registry.yarnpkg.com/source-map/-/source-map-0.4.4.tgz#eba4f5da9c0dc999de68032d8b4f76173652036b"
  dependencies:
    amdefine ">=0.0.4"

source-map@~0.5.1:
  version "0.5.7"
  resolved "https://registry.yarnpkg.com/source-map/-/source-map-0.5.7.tgz#8a039d2d1021d22d1ea14c80d8ea468ba2ef3fcc"

"statuses@>= 1.3.1 < 2", statuses@~1.3.1:
  version "1.3.1"
  resolved "https://registry.yarnpkg.com/statuses/-/statuses-1.3.1.tgz#faf51b9eb74aaef3b3acf4ad5f61abf24cb7b93e"

string_decoder@~0.10.x:
  version "0.10.31"
  resolved "https://registry.yarnpkg.com/string_decoder/-/string_decoder-0.10.31.tgz#62e203bc41766c6c28c9fc84301dab1c5310fa94"

string_decoder@~1.0.3:
  version "1.0.3"
  resolved "https://registry.yarnpkg.com/string_decoder/-/string_decoder-1.0.3.tgz#0fc67d7c141825de94282dd536bec6b9bce860ab"
  dependencies:
    safe-buffer "~5.1.0"

token-stream@0.0.1:
  version "0.0.1"
  resolved "https://registry.yarnpkg.com/token-stream/-/token-stream-0.0.1.tgz#ceeefc717a76c4316f126d0b9dbaa55d7e7df01a"

topo@1.x.x:
  version "1.1.0"
  resolved "https://registry.yarnpkg.com/topo/-/topo-1.1.0.tgz#e9d751615d1bb87dc865db182fa1ca0a5ef536d5"
  dependencies:
    hoek "2.x.x"

type-is@~1.6.14, type-is@~1.6.15:
  version "1.6.15"
  resolved "https://registry.yarnpkg.com/type-is/-/type-is-1.6.15.tgz#cab10fb4909e441c82842eafe1ad646c81804410"
  dependencies:
    media-typer "0.3.0"
    mime-types "~2.1.15"

typedarray@^0.0.6:
  version "0.0.6"
  resolved "https://registry.yarnpkg.com/typedarray/-/typedarray-0.0.6.tgz#867ac74e3864187b1d3d47d996a78ec5c8830777"

uglify-js@^2.6.1:
  version "2.8.29"
  resolved "https://registry.yarnpkg.com/uglify-js/-/uglify-js-2.8.29.tgz#29c5733148057bb4e1f75df35b7a9cb72e6a59dd"
  dependencies:
    source-map "~0.5.1"
    yargs "~3.10.0"
  optionalDependencies:
    uglify-to-browserify "~1.0.0"

uglify-to-browserify@~1.0.0:
  version "1.0.2"
  resolved "https://registry.yarnpkg.com/uglify-to-browserify/-/uglify-to-browserify-1.0.2.tgz#6e0924d6bda6b5afe349e39a6d632850a0f882b7"

unpipe@1.0.0, unpipe@~1.0.0:
  version "1.0.0"
  resolved "https://registry.yarnpkg.com/unpipe/-/unpipe-1.0.0.tgz#b2bf4ee8514aae6165b4817829d21b2ef49904ec"

util-deprecate@~1.0.1:
  version "1.0.2"
  resolved "https://registry.yarnpkg.com/util-deprecate/-/util-deprecate-1.0.2.tgz#450d4dc9fa70de732762fbd2d4a28981419a0ccf"

utils-merge@1.0.0:
  version "1.0.0"
  resolved "https://registry.yarnpkg.com/utils-merge/-/utils-merge-1.0.0.tgz#0294fb922bb9375153541c4f7096231f287c8af8"

vary@~1.1.0:
  version "1.1.1"
  resolved "https://registry.yarnpkg.com/vary/-/vary-1.1.1.tgz#67535ebb694c1d52257457984665323f587e8d37"

void-elements@^2.0.1:
  version "2.0.1"
  resolved "https://registry.yarnpkg.com/void-elements/-/void-elements-2.0.1.tgz#c066afb582bb1cb4128d60ea92392e94d5e9dbec"

websocket-driver@>=0.5.1:
  version "0.6.5"
  resolved "https://registry.yarnpkg.com/websocket-driver/-/websocket-driver-0.6.5.tgz#5cb2556ceb85f4373c6d8238aa691c8454e13a36"
  dependencies:
    websocket-extensions ">=0.1.1"

websocket-extensions@>=0.1.1:
  version "0.1.1"
  resolved "https://registry.yarnpkg.com/websocket-extensions/-/websocket-extensions-0.1.1.tgz#76899499c184b6ef754377c2dbb0cd6cb55d29e7"

window-size@0.1.0:
  version "0.1.0"
  resolved "https://registry.yarnpkg.com/window-size/-/window-size-0.1.0.tgz#5438cd2ea93b202efa3a19fe8887aee7c94f9c9d"

with@^5.0.0:
  version "5.1.1"
  resolved "https://registry.yarnpkg.com/with/-/with-5.1.1.tgz#fa4daa92daf32c4ea94ed453c81f04686b575dfe"
  dependencies:
    acorn "^3.1.0"
    acorn-globals "^3.0.0"

wordwrap@0.0.2:
  version "0.0.2"
  resolved "https://registry.yarnpkg.com/wordwrap/-/wordwrap-0.0.2.tgz#b79669bb42ecb409f83d583cad52ca17eaa1643f"

xmlhttprequest@^1.8.0:
  version "1.8.0"
  resolved "https://registry.yarnpkg.com/xmlhttprequest/-/xmlhttprequest-1.8.0.tgz#67fe075c5c24fef39f9d65f5f7b7fe75171968fc"

xtend@^4.0.1:
  version "4.0.1"
  resolved "https://registry.yarnpkg.com/xtend/-/xtend-4.0.1.tgz#a5c6d532be656e23db820efb943a1f04998d63af"

yargs@~3.10.0:
  version "3.10.0"
  resolved "https://registry.yarnpkg.com/yargs/-/yargs-3.10.0.tgz#f7ee7bd857dd7c1d2d38c0e74efbd681d1431fd1"
  dependencies:
    camelcase "^1.0.2"
    cliui "^2.1.0"
    decamelize "^1.0.0"
    window-size "0.1.0"
